
Microsoft Visual Studio Solution File, Format Version 12.00
# Visual Studio Version 16
VisualStudioVersion = 16.0.32002.261
MinimumVisualStudioVersion = 10.0.40219.1
Project("{FAE04EC0-301F-11D3-BF4B-00C04F79EFBC}") = "ConsultaDados", "ConsultaDados\ConsultaDados.csproj", "{67152984-9894-425F-9A7B-FCA5B007C87E}"
EndProject
Global
	GlobalSection(SolutionConfigurationPlatforms) = preSolution
		Debug|Any CPU = Debug|Any CPU
		Release|Any CPU = Release|Any CPU
	EndGlobalSection
	GlobalSection(ProjectConfigurationPlatforms) = postSolution
		{67152984-9894-425F-9A7B-FCA5B007C87E}.Debug|Any CPU.ActiveCfg = Debug|Any CPU
		{67152984-9894-425F-9A7B-FCA5B007C87E}.Debug|Any CPU.Build.0 = Debug|Any CPU
		{67152984-9894-425F-9A7B-FCA5B007C87E}.Release|Any CPU.ActiveCfg = Release|Any CPU
		{67152984-9894-425F-9A7B-FCA5B007C87E}.Release|Any CPU.Build.0 = Release|Any CPU
	EndGlobalSection
	GlobalSection(SolutionProperties) = preSolution
		HideSolutionNode = FALSE
	EndGlobalSection
	GlobalSection(ExtensibilityGlobals) = postSolution
		SolutionGuid = {87688F28-5291-4165-95AC-24AAD2CB4120}
	EndGlobalSection
EndGlobal
