
Microsoft Visual Studio Solution File, Format Version 12.00
# Visual Studio Version 16
VisualStudioVersion = 16.0.32002.261
MinimumVisualStudioVersion = 10.0.40219.1
Project("{FAE04EC0-301F-11D3-BF4B-00C04F79EFBC}") = "WebApplication1", "WebApplication1\WebApplication1.csproj", "{DB260B3E-D579-4BE1-962D-4A4B386A467E}"
EndProject
Global
	GlobalSection(SolutionConfigurationPlatforms) = preSolution
		Debug|Any CPU = Debug|Any CPU
		Release|Any CPU = Release|Any CPU
	EndGlobalSection
	GlobalSection(ProjectConfigurationPlatforms) = postSolution
		{DB260B3E-D579-4BE1-962D-4A4B386A467E}.Debug|Any CPU.ActiveCfg = Debug|Any CPU
		{DB260B3E-D579-4BE1-962D-4A4B386A467E}.Debug|Any CPU.Build.0 = Debug|Any CPU
		{DB260B3E-D579-4BE1-962D-4A4B386A467E}.Release|Any CPU.ActiveCfg = Release|Any CPU
		{DB260B3E-D579-4BE1-962D-4A4B386A467E}.Release|Any CPU.Build.0 = Release|Any CPU
	EndGlobalSection
	GlobalSection(SolutionProperties) = preSolution
		HideSolutionNode = FALSE
	EndGlobalSection
	GlobalSection(ExtensibilityGlobals) = postSolution
		SolutionGuid = {440AFCF0-E7F4-44A6-A11B-3052D4DE6D06}
	EndGlobalSection
EndGlobal
