
Microsoft Visual Studio Solution File, Format Version 12.00
# Visual Studio Version 16
VisualStudioVersion = 16.0.32002.261
MinimumVisualStudioVersion = 10.0.40219.1
Project("{FAE04EC0-301F-11D3-BF4B-00C04F79EFBC}") = "RestWithASPNET", "RestWithASPNET\RestWithASPNET.csproj", "{C1554D1E-75D4-4B1E-981F-A6EF16FE7FA5}"
EndProject
Global
	GlobalSection(SolutionConfigurationPlatforms) = preSolution
		Debug|Any CPU = Debug|Any CPU
		Release|Any CPU = Release|Any CPU
	EndGlobalSection
	GlobalSection(ProjectConfigurationPlatforms) = postSolution
		{C1554D1E-75D4-4B1E-981F-A6EF16FE7FA5}.Debug|Any CPU.ActiveCfg = Debug|Any CPU
		{C1554D1E-75D4-4B1E-981F-A6EF16FE7FA5}.Debug|Any CPU.Build.0 = Debug|Any CPU
		{C1554D1E-75D4-4B1E-981F-A6EF16FE7FA5}.Release|Any CPU.ActiveCfg = Release|Any CPU
		{C1554D1E-75D4-4B1E-981F-A6EF16FE7FA5}.Release|Any CPU.Build.0 = Release|Any CPU
	EndGlobalSection
	GlobalSection(SolutionProperties) = preSolution
		HideSolutionNode = FALSE
	EndGlobalSection
	GlobalSection(ExtensibilityGlobals) = postSolution
		SolutionGuid = {318D5B6E-60F4-42EC-9099-CD3BBA0C5D24}
	EndGlobalSection
EndGlobal
